
Microsoft Visual Studio Solution File, Format Version 12.00
# Visual Studio Version 17
VisualStudioVersion = 17.11.35431.28
MinimumVisualStudioVersion = 10.0.40219.1
Project("{9A19103F-16F7-4668-BE54-9A1E7A4F7556}") = "ExternalLocalizerJpPack", "ExternalLocalizerJpPack.csproj", "{4723AD44-7401-4ED3-A530-4FC3F0E58CED}"
EndProject
Global
	GlobalSection(SolutionConfigurationPlatforms) = preSolution
		Debug|Any CPU = Debug|Any CPU
		Release|Any CPU = Release|Any CPU
	EndGlobalSection
	GlobalSection(ProjectConfigurationPlatforms) = postSolution
		{4723AD44-7401-4ED3-A530-4FC3F0E58CED}.Debug|Any CPU.ActiveCfg = Debug|Any CPU
		{4723AD44-7401-4ED3-A530-4FC3F0E58CED}.Debug|Any CPU.Build.0 = Debug|Any CPU
		{4723AD44-7401-4ED3-A530-4FC3F0E58CED}.Release|Any CPU.ActiveCfg = Release|Any CPU
		{4723AD44-7401-4ED3-A530-4FC3F0E58CED}.Release|Any CPU.Build.0 = Release|Any CPU
	EndGlobalSection
	GlobalSection(SolutionProperties) = preSolution
		HideSolutionNode = FALSE
	EndGlobalSection
	GlobalSection(ExtensibilityGlobals) = postSolution
		SolutionGuid = {89FCE71B-E506-4129-9949-645429CB7B7F}
	EndGlobalSection
EndGlobal
